<?xml version="1.0" encoding="utf-8"?>
<Project ToolsVersion="4.0" xmlns="http://schemas.microsoft.com/developer/msbuild/2003">
  <ItemGroup>
    <Filter Include="Source Files">
      <UniqueIdentifier>{4FC737F1-C7A5-4376-A066-2A32D752A2FF}</UniqueIdentifier>
      <Extensions>cpp;c;cc;cxx;def;odl;idl;hpj;bat;asm;asmx</Extensions>
    </Filter>
    <Filter Include="Header Files">
      <UniqueIdentifier>{93995380-89BD-4b04-88EB-625FBE52EBFB}</UniqueIdentifier>
      <Extensions>h;hh;hpp;hxx;hm;inl;inc;xsd</Extensions>
    </Filter>
    <Filter Include="Resource Files">
      <UniqueIdentifier>{67DA6AB6-F800-4c08-8B7A-83BB121AAD01}</UniqueIdentifier>
      <Extensions>rc;ico;cur;bmp;dlg;rc2;rct;bin;rgs;gif;jpg;jpeg;jpe;resx;tiff;tif;png;wav;mfcribbon-ms</Extensions>
    </Filter>
    <Filter Include="Source Files\Game">
      <UniqueIdentifier>{2d99ada9-d416-4f7f-8e99-a3edf7925aff}</UniqueIdentifier>
    </Filter>
    <Filter Include="Source Files\IO">
      <UniqueIdentifier>{88abd63a-0add-4a6c-8f33-668ec5fda94d}</UniqueIdentifier>
    </Filter>
    <Filter Include="Source Files\DISPLAYS">
      <UniqueIdentifier>{2eca9597-7f38-4624-8bcd-2fb5b776fb7a}</UniqueIdentifier>
    </Filter>
    <Filter Include="Source Files\COLORS">
      <UniqueIdentifier>{368cbdcf-04ce-4f88-94b7-a45c23646543}</UniqueIdentifier>
    </Filter>
    <Filter Include="Source Files\DEBUG_TOOLS">
      <UniqueIdentifier>{d7e309e6-5bf9-4341-b83b-6512509f34e6}</UniqueIdentifier>
    </Filter>
    <Filter Include="Source Files\UTILS">
      <UniqueIdentifier>{cdf1f858-c6be-4db4-b290-20a08a1f0c83}</UniqueIdentifier>
    </Filter>
    <Filter Include="Source Files\Menu">
      <UniqueIdentifier>{1886161a-a8d0-4fc5-bdd2-be8370e3917f}</UniqueIdentifier>
    </Filter>
  </ItemGroup>
  <ItemGroup>
    <None Include="packages.config" />
    <None Include="ClassDiagram.cd" />
  </ItemGroup>
  <ItemGroup>
    <ClCompile Include="Main.cpp">
      <Filter>Source Files</Filter>
    </ClCompile>
    <ClCompile Include="Display.cpp">
      <Filter>Source Files\DISPLAYS</Filter>
    </ClCompile>
    <ClCompile Include="DebugTools.cpp">
      <Filter>Source Files\DEBUG_TOOLS</Filter>
    </ClCompile>
    <ClCompile Include="Utils.cpp">
      <Filter>Source Files\UTILS</Filter>
    </ClCompile>
    <ClCompile Include="Menu.cpp">
      <Filter>Source Files\Menu</Filter>
    </ClCompile>
    <ClCompile Include="Game.cpp">
      <Filter>Source Files\Game</Filter>
    </ClCompile>
    <ClCompile Include="Screen.cpp">
      <Filter>Source Files\DISPLAYS</Filter>
    </ClCompile>
  </ItemGroup>
  <ItemGroup>
    <ClInclude Include="Display.h">
      <Filter>Source Files\DISPLAYS</Filter>
    </ClInclude>
    <ClInclude Include="Colors.h">
      <Filter>Source Files\COLORS</Filter>
    </ClInclude>
    <ClInclude Include="DebugTools.h">
      <Filter>Source Files\DEBUG_TOOLS</Filter>
    </ClInclude>
    <ClInclude Include="Utils.h">
      <Filter>Source Files\UTILS</Filter>
    </ClInclude>
    <ClInclude Include="Menu.h">
      <Filter>Source Files\Menu</Filter>
    </ClInclude>
    <ClInclude Include="Game.h">
      <Filter>Source Files\Game</Filter>
    </ClInclude>
    <ClInclude Include="Screen.h">
      <Filter>Source Files\DISPLAYS</Filter>
    </ClInclude>
  </ItemGroup>
</Project>